{
  "version": "3",
  "packages": {
    "specifiers": {
      "jsr:@std/assert@1": "jsr:@std/assert@1.0.2",
      "jsr:@std/assert@1.0.2": "jsr:@std/assert@1.0.2",
      "jsr:@std/assert@^1.0.1": "jsr:@std/assert@1.0.2",
      "jsr:@std/expect@^1.0.0": "jsr:@std/expect@1.0.0",
      "jsr:@std/internal@^1.0.1": "jsr:@std/internal@1.0.1",
      "jsr:@typek/typek@^0.6.1": "jsr:@typek/typek@0.6.1",
      "npm:prettier@3.3.3": "npm:prettier@3.3.3",
      "npm:prettier@^3.3.1": "npm:prettier@3.3.3",
      "npm:pretty-format@^29.7.0": "npm:pretty-format@29.7.0",
      "npm:typescript@^5.5.4": "npm:typescript@5.5.4"
    },
    "jsr": {
      "@std/assert@1.0.2": {
        "integrity": "ccacec332958126deaceb5c63ff8b4eaf9f5ed0eac9feccf124110435e59e49c",
        "dependencies": [
          "jsr:@std/internal@^1.0.1"
        ]
      },
      "@std/expect@1.0.0": {
        "integrity": "030275683c23d6708878c5439a3ffd99285948d708e00835fd38fcef9a0bb921",
        "dependencies": [
          "jsr:@std/assert@^1.0.1",
          "jsr:@std/internal@^1.0.1"
        ]
      },
      "@std/internal@1.0.1": {
        "integrity": "6f8c7544d06a11dd256c8d6ba54b11ed870aac6c5aeafff499892662c57673e6"
      },
      "@typek/typek@0.6.1": {
        "integrity": "f69469bd551fdd0a6f0e9d7d0a25be33fb3a76b3ac8478b1058c9c3ea96b7196",
        "dependencies": [
          "jsr:@std/assert@1.0.2"
        ]
      }
    },
    "npm": {
      "@jest/schemas@29.6.3": {
        "integrity": "sha512-mo5j5X+jIZmJQveBKeS/clAueipV7KgiX1vMgCxam1RNYiqE1w62n0/tJJnHtjW8ZHcQco5gY85jA3mi0L+nSA==",
        "dependencies": {
          "@sinclair/typebox": "@sinclair/typebox@0.27.8"
        }
      },
      "@sinclair/typebox@0.27.8": {
        "integrity": "sha512-+Fj43pSMwJs4KRrH/938Uf+uAELIgVBmQzg/q1YG10djyfA3TnrU8N8XzqCh/okZdszqBQTZf96idMfE5lnwTA==",
        "dependencies": {}
      },
      "ansi-styles@5.2.0": {
        "integrity": "sha512-Cxwpt2SfTzTtXcfOlzGEee8O+c+MmUgGrNiBcXnuWxuFJHe6a5Hz7qwhwe5OgaSYI0IJvkLqWX1ASG+cJOkEiA==",
        "dependencies": {}
      },
      "prettier@3.3.3": {
        "integrity": "sha512-i2tDNA0O5IrMO757lfrdQZCc2jPNDVntV0m/+4whiDfWaTKfMNgR7Qz0NAeGz/nRqF4m5/6CLzbP4/liHt12Ew==",
        "dependencies": {}
      },
      "pretty-format@29.7.0": {
        "integrity": "sha512-Pdlw/oPxN+aXdmM9R00JVC9WVFoCLTKJvDVLgmJ+qAffBMxsV85l/Lu7sNx4zSzPyoL2euImuEwHhOXdEgNFZQ==",
        "dependencies": {
          "@jest/schemas": "@jest/schemas@29.6.3",
          "ansi-styles": "ansi-styles@5.2.0",
          "react-is": "react-is@18.3.1"
        }
      },
      "react-is@18.3.1": {
        "integrity": "sha512-/LLMVyas0ljjAtoYiPqYiL8VWXzUUdThrmU5+n20DZv+a+ClRoevUzw5JxU+Ieh5/c87ytoTBV9G1FiKfNJdmg==",
        "dependencies": {}
      },
      "typescript@5.5.4": {
        "integrity": "sha512-Mtq29sKDAEYP7aljRgtPOpTvOfbwRWlS6dPRzwjdE+C0R4brX/GUyhHSecbHMFLNBLcJIPt9nl9yG5TZ1weH+Q==",
        "dependencies": {}
      }
    }
  },
  "remote": {},
  "workspace": {
    "dependencies": [
      "jsr:@std/assert@1",
      "jsr:@std/expect@^1.0.0",
      "jsr:@typek/typek@^0.6.1"
    ],
    "packageJson": {
      "dependencies": [
        "npm:prettier@^3.3.1",
        "npm:pretty-format@^29.7.0",
        "npm:typescript@^5.5.4"
      ]
    }
  }
}
